{
  "name": "robbot",
  "version": "2.0.0",
  "lockfileVersion": 2,
  "requires": true,
  "packages": {
    "": {
      "name": "robbot",
      "version": "2.0.0",
      "license": "GPLv3",
      "workspaces": [
        "instances/*",
        "packages/*",
        "utils/tsconfig"
      ],
      "devDependencies": {
        "turbo": "^1.0.19"
      }
    },
    "instances/cache": {
      "version": "1.0.0",
      "license": "GPLv3"
    },
    "instances/executor": {
      "version": "1.0.0",
      "license": "GPLv3"
    },
    "instances/gateway": {
      "version": "1.0.0",
      "license": "GPLv3",
      "devDependencies": {
        "tsconfig": "*",
        "typescript": "^4.5.4"
      }
    },
    "instances/gateway/utils/tsconfig": {
      "extraneous": true
    },
    "instances/manager": {
      "version": "1.0.0",
      "license": "GPLv3"
    },
    "node_modules/@tsconfig/node16": {
      "version": "1.0.2",
      "resolved": "https://registry.npmjs.org/@tsconfig/node16/-/node16-1.0.2.tgz",
      "integrity": "sha512-eZxlbI8GZscaGS7kkc/trHTT5xgrjH3/1n2JDwusC9iahPKWMRvRjJSAN5mCXviuTGQ/lHnhvv8Q1YTpnfz9gA==",
      "dev": true
    },
    "node_modules/cache": {
      "resolved": "instances/cache",
      "link": true
    },
    "node_modules/config": {
      "resolved": "packages/config",
      "link": true
    },
    "node_modules/executor": {
      "resolved": "instances/executor",
      "link": true
    },
    "node_modules/gateway": {
      "resolved": "instances/gateway",
      "link": true
    },
    "node_modules/manager": {
      "resolved": "instances/manager",
      "link": true
    },
    "node_modules/tsconfig": {
      "resolved": "utils/tsconfig",
      "link": true
    },
    "node_modules/turbo": {
      "version": "1.0.19",
      "resolved": "https://registry.npmjs.org/turbo/-/turbo-1.0.19.tgz",
      "integrity": "sha512-/gdEdpdludyHX+344JQ84bglK33dI4IWTtGkBkfJnSQW+lC3/JFAu9jy+4zNK2gdzxjwcB2/qQK+Pv53SZd1Kw==",
      "dev": true,
      "hasInstallScript": true,
      "bin": {
        "turbo": "bin/turbo"
      }
    },
    "node_modules/typescript": {
      "version": "4.5.4",
      "resolved": "https://registry.npmjs.org/typescript/-/typescript-4.5.4.tgz",
      "integrity": "sha512-VgYs2A2QIRuGphtzFV7aQJduJ2gyfTljngLzjpfW9FoYZF6xuw1W0vW9ghCKLfcWrCFxK81CSGRAvS1pn4fIUg==",
      "dev": true,
      "bin": {
        "tsc": "bin/tsc",
        "tsserver": "bin/tsserver"
      },
      "engines": {
        "node": ">=4.2.0"
      }
    },
    "packages/config": {
      "version": "1.0.0",
      "license": "GPLv3"
    },
    "utils/tsconfig": {
      "version": "1.0.0",
      "license": "GPLv3",
      "devDependencies": {
        "@tsconfig/node16": "^1.0.2"
      }
    }
  },
  "dependencies": {
    "@tsconfig/node16": {
      "version": "1.0.2",
      "resolved": "https://registry.npmjs.org/@tsconfig/node16/-/node16-1.0.2.tgz",
      "integrity": "sha512-eZxlbI8GZscaGS7kkc/trHTT5xgrjH3/1n2JDwusC9iahPKWMRvRjJSAN5mCXviuTGQ/lHnhvv8Q1YTpnfz9gA==",
      "dev": true
    },
    "cache": {
      "version": "file:instances/cache"
    },
    "config": {
      "version": "file:packages/config"
    },
    "executor": {
      "version": "file:instances/executor"
    },
    "gateway": {
      "version": "file:instances/gateway",
      "requires": {
        "tsconfig": "*",
        "typescript": "^4.5.4"
      }
    },
    "manager": {
      "version": "file:instances/manager"
    },
    "tsconfig": {
      "version": "file:utils/tsconfig",
      "requires": {
        "@tsconfig/node16": "^1.0.2"
      }
    },
    "turbo": {
      "version": "1.0.19",
      "resolved": "https://registry.npmjs.org/turbo/-/turbo-1.0.19.tgz",
      "integrity": "sha512-/gdEdpdludyHX+344JQ84bglK33dI4IWTtGkBkfJnSQW+lC3/JFAu9jy+4zNK2gdzxjwcB2/qQK+Pv53SZd1Kw==",
      "dev": true
    },
    "typescript": {
      "version": "4.5.4",
      "resolved": "https://registry.npmjs.org/typescript/-/typescript-4.5.4.tgz",
      "integrity": "sha512-VgYs2A2QIRuGphtzFV7aQJduJ2gyfTljngLzjpfW9FoYZF6xuw1W0vW9ghCKLfcWrCFxK81CSGRAvS1pn4fIUg==",
      "dev": true
    }
  }
}
