{
  "name": "robbot",
  "version": "2.0.0",
  "lockfileVersion": 2,
  "requires": true,
  "packages": {
    "": {
      "name": "robbot",
      "version": "2.0.0",
      "license": "GPLv3",
      "workspaces": [
        "instances/*",
        "packages/*",
        "utils/*"
      ],
      "devDependencies": {
        "turbo": "^1.0.19"
      }
    },
    "instances/cache": {
      "version": "1.0.0",
      "license": "GPLv3"
    },
    "instances/executor": {
      "version": "1.0.0",
      "license": "GPLv3"
    },
    "instances/gateway": {
      "version": "1.0.0",
      "license": "GPLv3",
      "dependencies": {
        "cloudstorm": "^0.3.2"
      },
      "devDependencies": {
        "tsconfig": "*",
        "typescript": "^4.5.4"
      }
    },
    "instances/gateway/utils/tsconfig": {
      "extraneous": true
    },
    "instances/manager": {
      "version": "1.0.0",
      "license": "GPLv3"
    },
    "node_modules/@tsconfig/node16": {
      "version": "1.0.2",
      "resolved": "https://registry.npmjs.org/@tsconfig/node16/-/node16-1.0.2.tgz",
      "integrity": "sha512-eZxlbI8GZscaGS7kkc/trHTT5xgrjH3/1n2JDwusC9iahPKWMRvRjJSAN5mCXviuTGQ/lHnhvv8Q1YTpnfz9gA==",
      "dev": true
    },
    "node_modules/@types/node": {
      "version": "17.0.2",
      "resolved": "https://registry.npmjs.org/@types/node/-/node-17.0.2.tgz",
      "integrity": "sha512-JepeIUPFDARgIs0zD/SKPgFsJEAF0X5/qO80llx59gOxFTboS9Amv3S+QfB7lqBId5sFXJ99BN0J6zFRvL9dDA==",
      "dev": true
    },
    "node_modules/asynckit": {
      "version": "0.4.0",
      "resolved": "https://registry.npmjs.org/asynckit/-/asynckit-0.4.0.tgz",
      "integrity": "sha1-x57Zf380y48robyXkLzDZkdLS3k="
    },
    "node_modules/bindings": {
      "version": "1.5.0",
      "resolved": "https://registry.npmjs.org/bindings/-/bindings-1.5.0.tgz",
      "integrity": "sha512-p2q/t/mhvuOj/UeLlV6566GD/guowlr0hHxClI0W9m7MWYkL1F0hLo+0Aexs9HSPCtR1SXQ0TD3MMKrXZajbiQ==",
      "optional": true,
      "dependencies": {
        "file-uri-to-path": "1.0.0"
      }
    },
    "node_modules/cache": {
      "resolved": "instances/cache",
      "link": true
    },
    "node_modules/centra": {
      "version": "2.5.0",
      "resolved": "https://registry.npmjs.org/centra/-/centra-2.5.0.tgz",
      "integrity": "sha512-CnSF1HD8vOOgNbE4P2fZEhdhfAohvpcF3DSdSvEcSHDAZvr+Xfw73isT8SXJJc3VMBqSwjXhr29/ikHUgFcypg=="
    },
    "node_modules/cloudstorm": {
      "version": "0.3.2",
      "resolved": "https://registry.npmjs.org/cloudstorm/-/cloudstorm-0.3.2.tgz",
      "integrity": "sha512-1LVwwMSjZVzGT5AzfA46NUw5+5ddj6XLAsUdepK7WIocvl2NTWSgRHc/rgqFVdmU5dQyKlwnLZCIv73fQfMcYQ==",
      "dependencies": {
        "snowtransfer": "^0.3.x",
        "ws": "^8.3.0",
        "zlib-sync": "^0.1.7"
      },
      "engines": {
        "node": ">=12.0.0"
      },
      "optionalDependencies": {
        "erlpack": "github:discordapp/erlpack"
      }
    },
    "node_modules/combined-stream": {
      "version": "1.0.8",
      "resolved": "https://registry.npmjs.org/combined-stream/-/combined-stream-1.0.8.tgz",
      "integrity": "sha512-FQN4MRfuJeHf7cBbBMJFXhKSDq+2kAArBlmRBvcvFE5BB1HZKXtSFASDhdlz9zOYwxh8lDdnvmMOe/+5cdoEdg==",
      "dependencies": {
        "delayed-stream": "~1.0.0"
      },
      "engines": {
        "node": ">= 0.8"
      }
    },
    "node_modules/config": {
      "resolved": "packages/config",
      "link": true
    },
    "node_modules/delayed-stream": {
      "version": "1.0.0",
      "resolved": "https://registry.npmjs.org/delayed-stream/-/delayed-stream-1.0.0.tgz",
      "integrity": "sha1-3zrhmayt+31ECqrgsp4icrJOxhk=",
      "engines": {
        "node": ">=0.4.0"
      }
    },
    "node_modules/discord-typings": {
      "version": "9.0.4",
      "resolved": "https://registry.npmjs.org/discord-typings/-/discord-typings-9.0.4.tgz",
      "integrity": "sha512-G9Tg0uyhylrcL4HHnNoTlvMm7MQrdZkYtZvxiXyHuZyvGZ+52dWpjlABcvsvvjAG1g5860tAQQKbFRlGYil/Zg=="
    },
    "node_modules/erlpack": {
      "version": "0.1.3",
      "resolved": "git+ssh://git@github.com/discordapp/erlpack.git#f7d730debe32c416d1b55b4217f8aef2ade05874",
      "hasInstallScript": true,
      "license": "MIT",
      "optional": true,
      "dependencies": {
        "bindings": "^1.5.0",
        "nan": "^2.15.0"
      }
    },
    "node_modules/executor": {
      "resolved": "instances/executor",
      "link": true
    },
    "node_modules/file-uri-to-path": {
      "version": "1.0.0",
      "resolved": "https://registry.npmjs.org/file-uri-to-path/-/file-uri-to-path-1.0.0.tgz",
      "integrity": "sha512-0Zt+s3L7Vf1biwWZ29aARiVYLx7iMGnEUl9x33fbB/j3jR81u/O2LbqK+Bm1CDSNDKVtJ/YjwY7TUd5SkeLQLw==",
      "optional": true
    },
    "node_modules/form-data": {
      "version": "4.0.0",
      "resolved": "https://registry.npmjs.org/form-data/-/form-data-4.0.0.tgz",
      "integrity": "sha512-ETEklSGi5t0QMZuiXoA/Q6vcnxcLQP5vdugSpuAyi6SVGi2clPPp+xgEhuMaHC+zGgn31Kd235W35f7Hykkaww==",
      "dependencies": {
        "asynckit": "^0.4.0",
        "combined-stream": "^1.0.8",
        "mime-types": "^2.1.12"
      },
      "engines": {
        "node": ">= 6"
      }
    },
    "node_modules/gateway": {
      "resolved": "instances/gateway",
      "link": true
    },
    "node_modules/manager": {
      "resolved": "instances/manager",
      "link": true
    },
    "node_modules/mime-db": {
      "version": "1.51.0",
      "resolved": "https://registry.npmjs.org/mime-db/-/mime-db-1.51.0.tgz",
      "integrity": "sha512-5y8A56jg7XVQx2mbv1lu49NR4dokRnhZYTtL+KGfaa27uq4pSTXkwQkFJl4pkRMyNFz/EtYDSkiiEHx3F7UN6g==",
      "engines": {
        "node": ">= 0.6"
      }
    },
    "node_modules/mime-types": {
      "version": "2.1.34",
      "resolved": "https://registry.npmjs.org/mime-types/-/mime-types-2.1.34.tgz",
      "integrity": "sha512-6cP692WwGIs9XXdOO4++N+7qjqv0rqxxVvJ3VHPh/Sc9mVZcQP+ZGhkKiTvWMQRr2tbHkJP/Yn7Y0npb3ZBs4A==",
      "dependencies": {
        "mime-db": "1.51.0"
      },
      "engines": {
        "node": ">= 0.6"
      }
    },
    "node_modules/nan": {
      "version": "2.15.0",
      "resolved": "https://registry.npmjs.org/nan/-/nan-2.15.0.tgz",
      "integrity": "sha512-8ZtvEnA2c5aYCZYd1cvgdnU6cqwixRoYg70xPLWUws5ORTa/lnw+u4amixRS/Ac5U5mQVgp9pnlSUnbNWFaWZQ=="
    },
    "node_modules/snowtransfer": {
      "version": "0.3.2",
      "resolved": "https://registry.npmjs.org/snowtransfer/-/snowtransfer-0.3.2.tgz",
      "integrity": "sha512-qnquUsZjIRt/yQ/H/lDBSbbOdzIECk/Vpt21AQdYR2usfpeYVErt1wY3bnZ+YJIFKd3tlRuyvXau2vwhiWjvIg==",
      "dependencies": {
        "centra": "^2.5.0",
        "discord-typings": "9.0.x",
        "form-data": "~4.0.0"
      },
      "engines": {
        "node": ">=12.0.0"
      }
    },
    "node_modules/tsconfig": {
      "resolved": "utils/tsconfig",
      "link": true
    },
    "node_modules/turbo": {
      "version": "1.0.19",
      "resolved": "https://registry.npmjs.org/turbo/-/turbo-1.0.19.tgz",
      "integrity": "sha512-/gdEdpdludyHX+344JQ84bglK33dI4IWTtGkBkfJnSQW+lC3/JFAu9jy+4zNK2gdzxjwcB2/qQK+Pv53SZd1Kw==",
      "dev": true,
      "hasInstallScript": true,
      "bin": {
        "turbo": "bin/turbo"
      }
    },
    "node_modules/typescript": {
      "version": "4.5.4",
      "resolved": "https://registry.npmjs.org/typescript/-/typescript-4.5.4.tgz",
      "integrity": "sha512-VgYs2A2QIRuGphtzFV7aQJduJ2gyfTljngLzjpfW9FoYZF6xuw1W0vW9ghCKLfcWrCFxK81CSGRAvS1pn4fIUg==",
      "dev": true,
      "bin": {
        "tsc": "bin/tsc",
        "tsserver": "bin/tsserver"
      },
      "engines": {
        "node": ">=4.2.0"
      }
    },
    "node_modules/ws": {
      "version": "8.4.0",
      "resolved": "https://registry.npmjs.org/ws/-/ws-8.4.0.tgz",
      "integrity": "sha512-IHVsKe2pjajSUIl4KYMQOdlyliovpEPquKkqbwswulszzI7r0SfQrxnXdWAEqOlDCLrVSJzo+O1hAwdog2sKSQ==",
      "engines": {
        "node": ">=10.0.0"
      },
      "peerDependencies": {
        "bufferutil": "^4.0.1",
        "utf-8-validate": "^5.0.2"
      },
      "peerDependenciesMeta": {
        "bufferutil": {
          "optional": true
        },
        "utf-8-validate": {
          "optional": true
        }
      }
    },
    "node_modules/zlib-sync": {
      "version": "0.1.7",
      "resolved": "https://registry.npmjs.org/zlib-sync/-/zlib-sync-0.1.7.tgz",
      "integrity": "sha512-UmciU6ZrIwtwPC8noMzq+kGMdiWwNRZ3wC0SbED4Ew5Ikqx14MqDPRs/Pbk+3rZPh5SzsOgUBs1WRE0iieddpg==",
      "hasInstallScript": true,
      "dependencies": {
        "nan": "^2.14.0"
      }
    },
    "packages/config": {
      "version": "1.0.0",
      "license": "GPLv3"
    },
    "utils/tsconfig": {
      "version": "1.0.0",
      "license": "GPLv3",
      "devDependencies": {
        "@tsconfig/node16": "^1.0.2",
        "@types/node": "^17.0.2"
      }
    }
  },
  "dependencies": {
    "@tsconfig/node16": {
      "version": "1.0.2",
      "resolved": "https://registry.npmjs.org/@tsconfig/node16/-/node16-1.0.2.tgz",
      "integrity": "sha512-eZxlbI8GZscaGS7kkc/trHTT5xgrjH3/1n2JDwusC9iahPKWMRvRjJSAN5mCXviuTGQ/lHnhvv8Q1YTpnfz9gA==",
      "dev": true
    },
    "@types/node": {
      "version": "17.0.2",
      "resolved": "https://registry.npmjs.org/@types/node/-/node-17.0.2.tgz",
      "integrity": "sha512-JepeIUPFDARgIs0zD/SKPgFsJEAF0X5/qO80llx59gOxFTboS9Amv3S+QfB7lqBId5sFXJ99BN0J6zFRvL9dDA==",
      "dev": true
    },
    "asynckit": {
      "version": "0.4.0",
      "resolved": "https://registry.npmjs.org/asynckit/-/asynckit-0.4.0.tgz",
      "integrity": "sha1-x57Zf380y48robyXkLzDZkdLS3k="
    },
    "bindings": {
      "version": "1.5.0",
      "resolved": "https://registry.npmjs.org/bindings/-/bindings-1.5.0.tgz",
      "integrity": "sha512-p2q/t/mhvuOj/UeLlV6566GD/guowlr0hHxClI0W9m7MWYkL1F0hLo+0Aexs9HSPCtR1SXQ0TD3MMKrXZajbiQ==",
      "optional": true,
      "requires": {
        "file-uri-to-path": "1.0.0"
      }
    },
    "cache": {
      "version": "file:instances/cache"
    },
    "centra": {
      "version": "2.5.0",
      "resolved": "https://registry.npmjs.org/centra/-/centra-2.5.0.tgz",
      "integrity": "sha512-CnSF1HD8vOOgNbE4P2fZEhdhfAohvpcF3DSdSvEcSHDAZvr+Xfw73isT8SXJJc3VMBqSwjXhr29/ikHUgFcypg=="
    },
    "cloudstorm": {
      "version": "0.3.2",
      "resolved": "https://registry.npmjs.org/cloudstorm/-/cloudstorm-0.3.2.tgz",
      "integrity": "sha512-1LVwwMSjZVzGT5AzfA46NUw5+5ddj6XLAsUdepK7WIocvl2NTWSgRHc/rgqFVdmU5dQyKlwnLZCIv73fQfMcYQ==",
      "requires": {
        "erlpack": "github:discordapp/erlpack",
        "snowtransfer": "^0.3.x",
        "ws": "^8.3.0",
        "zlib-sync": "^0.1.7"
      }
    },
    "combined-stream": {
      "version": "1.0.8",
      "resolved": "https://registry.npmjs.org/combined-stream/-/combined-stream-1.0.8.tgz",
      "integrity": "sha512-FQN4MRfuJeHf7cBbBMJFXhKSDq+2kAArBlmRBvcvFE5BB1HZKXtSFASDhdlz9zOYwxh8lDdnvmMOe/+5cdoEdg==",
      "requires": {
        "delayed-stream": "~1.0.0"
      }
    },
    "config": {
      "version": "file:packages/config"
    },
    "delayed-stream": {
      "version": "1.0.0",
      "resolved": "https://registry.npmjs.org/delayed-stream/-/delayed-stream-1.0.0.tgz",
      "integrity": "sha1-3zrhmayt+31ECqrgsp4icrJOxhk="
    },
    "discord-typings": {
      "version": "9.0.4",
      "resolved": "https://registry.npmjs.org/discord-typings/-/discord-typings-9.0.4.tgz",
      "integrity": "sha512-G9Tg0uyhylrcL4HHnNoTlvMm7MQrdZkYtZvxiXyHuZyvGZ+52dWpjlABcvsvvjAG1g5860tAQQKbFRlGYil/Zg=="
    },
    "erlpack": {
      "version": "git+ssh://git@github.com/discordapp/erlpack.git#f7d730debe32c416d1b55b4217f8aef2ade05874",
      "from": "erlpack@github:discordapp/erlpack",
      "optional": true,
      "requires": {
        "bindings": "^1.5.0",
        "nan": "^2.15.0"
      }
    },
    "executor": {
      "version": "file:instances/executor"
    },
    "file-uri-to-path": {
      "version": "1.0.0",
      "resolved": "https://registry.npmjs.org/file-uri-to-path/-/file-uri-to-path-1.0.0.tgz",
      "integrity": "sha512-0Zt+s3L7Vf1biwWZ29aARiVYLx7iMGnEUl9x33fbB/j3jR81u/O2LbqK+Bm1CDSNDKVtJ/YjwY7TUd5SkeLQLw==",
      "optional": true
    },
    "form-data": {
      "version": "4.0.0",
      "resolved": "https://registry.npmjs.org/form-data/-/form-data-4.0.0.tgz",
      "integrity": "sha512-ETEklSGi5t0QMZuiXoA/Q6vcnxcLQP5vdugSpuAyi6SVGi2clPPp+xgEhuMaHC+zGgn31Kd235W35f7Hykkaww==",
      "requires": {
        "asynckit": "^0.4.0",
        "combined-stream": "^1.0.8",
        "mime-types": "^2.1.12"
      }
    },
    "gateway": {
      "version": "file:instances/gateway",
      "requires": {
        "cloudstorm": "^0.3.2",
        "tsconfig": "*",
        "typescript": "^4.5.4"
      }
    },
    "manager": {
      "version": "file:instances/manager"
    },
    "mime-db": {
      "version": "1.51.0",
      "resolved": "https://registry.npmjs.org/mime-db/-/mime-db-1.51.0.tgz",
      "integrity": "sha512-5y8A56jg7XVQx2mbv1lu49NR4dokRnhZYTtL+KGfaa27uq4pSTXkwQkFJl4pkRMyNFz/EtYDSkiiEHx3F7UN6g=="
    },
    "mime-types": {
      "version": "2.1.34",
      "resolved": "https://registry.npmjs.org/mime-types/-/mime-types-2.1.34.tgz",
      "integrity": "sha512-6cP692WwGIs9XXdOO4++N+7qjqv0rqxxVvJ3VHPh/Sc9mVZcQP+ZGhkKiTvWMQRr2tbHkJP/Yn7Y0npb3ZBs4A==",
      "requires": {
        "mime-db": "1.51.0"
      }
    },
    "nan": {
      "version": "2.15.0",
      "resolved": "https://registry.npmjs.org/nan/-/nan-2.15.0.tgz",
      "integrity": "sha512-8ZtvEnA2c5aYCZYd1cvgdnU6cqwixRoYg70xPLWUws5ORTa/lnw+u4amixRS/Ac5U5mQVgp9pnlSUnbNWFaWZQ=="
    },
    "snowtransfer": {
      "version": "0.3.2",
      "resolved": "https://registry.npmjs.org/snowtransfer/-/snowtransfer-0.3.2.tgz",
      "integrity": "sha512-qnquUsZjIRt/yQ/H/lDBSbbOdzIECk/Vpt21AQdYR2usfpeYVErt1wY3bnZ+YJIFKd3tlRuyvXau2vwhiWjvIg==",
      "requires": {
        "centra": "^2.5.0",
        "discord-typings": "9.0.x",
        "form-data": "~4.0.0"
      }
    },
    "tsconfig": {
      "version": "file:utils/tsconfig",
      "requires": {
        "@tsconfig/node16": "^1.0.2",
        "@types/node": "^17.0.2"
      }
    },
    "turbo": {
      "version": "1.0.19",
      "resolved": "https://registry.npmjs.org/turbo/-/turbo-1.0.19.tgz",
      "integrity": "sha512-/gdEdpdludyHX+344JQ84bglK33dI4IWTtGkBkfJnSQW+lC3/JFAu9jy+4zNK2gdzxjwcB2/qQK+Pv53SZd1Kw==",
      "dev": true
    },
    "typescript": {
      "version": "4.5.4",
      "resolved": "https://registry.npmjs.org/typescript/-/typescript-4.5.4.tgz",
      "integrity": "sha512-VgYs2A2QIRuGphtzFV7aQJduJ2gyfTljngLzjpfW9FoYZF6xuw1W0vW9ghCKLfcWrCFxK81CSGRAvS1pn4fIUg==",
      "dev": true
    },
    "ws": {
      "version": "8.4.0",
      "resolved": "https://registry.npmjs.org/ws/-/ws-8.4.0.tgz",
      "integrity": "sha512-IHVsKe2pjajSUIl4KYMQOdlyliovpEPquKkqbwswulszzI7r0SfQrxnXdWAEqOlDCLrVSJzo+O1hAwdog2sKSQ==",
      "requires": {}
    },
    "zlib-sync": {
      "version": "0.1.7",
      "resolved": "https://registry.npmjs.org/zlib-sync/-/zlib-sync-0.1.7.tgz",
      "integrity": "sha512-UmciU6ZrIwtwPC8noMzq+kGMdiWwNRZ3wC0SbED4Ew5Ikqx14MqDPRs/Pbk+3rZPh5SzsOgUBs1WRE0iieddpg==",
      "requires": {
        "nan": "^2.14.0"
      }
    }
  }
}
